
Microsoft Visual Studio Solution File, Format Version 12.00
# Visual Studio Version 17
VisualStudioVersion = 17.11.35303.130
MinimumVisualStudioVersion = 10.0.40219.1
Project("{2150E333-8FDC-42A3-9474-1A3956D46DE8}") = "Presentation", "Presentation", "{38CD4D84-6625-4A7F-93C9-307A5AB39BBC}"
EndProject
Project("{9A19103F-16F7-4668-BE54-9A1E7A4F7556}") = "Presentation", "Presentation\Presentation.csproj", "{3FDBE104-29F4-4EEC-9B20-83AE3D2BD58D}"
EndProject
Project("{2150E333-8FDC-42A3-9474-1A3956D46DE8}") = "Aplication", "Aplication", "{FC85B8A5-70B4-4C0A-8AF5-A635D5A9D13B}"
EndProject
Project("{9A19103F-16F7-4668-BE54-9A1E7A4F7556}") = "Services", "Services\Services.csproj", "{14949CC7-F3D4-49E2-87FF-30BDA7174AF9}"
EndProject
Project("{9A19103F-16F7-4668-BE54-9A1E7A4F7556}") = "API", "API\API.csproj", "{6391CBEC-5582-4AB4-9920-C8EB8380C0FF}"
EndProject
Project("{2150E333-8FDC-42A3-9474-1A3956D46DE8}") = "Domain", "Domain", "{DC287278-0DE2-4C5C-B468-9FF5B7847B50}"
EndProject
Project("{9A19103F-16F7-4668-BE54-9A1E7A4F7556}") = "Domain", "Domain\Domain.csproj", "{970ED296-BD4B-4B7F-9E74-0FA9E56AEF5D}"
EndProject
Project("{2150E333-8FDC-42A3-9474-1A3956D46DE8}") = "Shared", "Shared", "{2BE9A14A-8F6B-41C3-8EBB-4CD93411573E}"
EndProject
Project("{9A19103F-16F7-4668-BE54-9A1E7A4F7556}") = "DTO", "DTO\DTO.csproj", "{43C266E7-0FDF-415D-8755-B35C1E14C89B}"
EndProject
Project("{2150E333-8FDC-42A3-9474-1A3956D46DE8}") = "Infrastructure", "Infrastructure", "{AEFD9FC9-7DF7-437B-8BF3-DE322538E4DD}"
EndProject
Project("{9A19103F-16F7-4668-BE54-9A1E7A4F7556}") = "Repository", "Repository\Repository.csproj", "{D1EEB898-815E-4B71-9072-301843F0217F}"
EndProject
Project("{9A19103F-16F7-4668-BE54-9A1E7A4F7556}") = "ExternalServices", "ExternalServices\ExternalServices.csproj", "{FEC87172-9BD0-40D8-AD7E-0B0B1D633199}"
EndProject
Project("{2150E333-8FDC-42A3-9474-1A3956D46DE8}") = "TestApplication", "TestApplication", "{A612AD89-0072-4A97-B83D-03BD51D3042E}"
EndProject
Project("{9A19103F-16F7-4668-BE54-9A1E7A4F7556}") = "TestApplication", "TestApplication\TestApplication.csproj", "{37BE2162-0DD3-4503-966F-87BE94001A3F}"
EndProject
Project("{FAE04EC0-301F-11D3-BF4B-00C04F79EFBC}") = "Global", "Global\Global.csproj", "{562E1308-6430-4883-A469-DE9FFF54E235}"
EndProject
Global
	GlobalSection(SolutionConfigurationPlatforms) = preSolution
		Debug|Any CPU = Debug|Any CPU
		Release|Any CPU = Release|Any CPU
	EndGlobalSection
	GlobalSection(ProjectConfigurationPlatforms) = postSolution
		{3FDBE104-29F4-4EEC-9B20-83AE3D2BD58D}.Debug|Any CPU.ActiveCfg = Debug|Any CPU
		{3FDBE104-29F4-4EEC-9B20-83AE3D2BD58D}.Debug|Any CPU.Build.0 = Debug|Any CPU
		{3FDBE104-29F4-4EEC-9B20-83AE3D2BD58D}.Release|Any CPU.ActiveCfg = Release|Any CPU
		{3FDBE104-29F4-4EEC-9B20-83AE3D2BD58D}.Release|Any CPU.Build.0 = Release|Any CPU
		{14949CC7-F3D4-49E2-87FF-30BDA7174AF9}.Debug|Any CPU.ActiveCfg = Debug|Any CPU
		{14949CC7-F3D4-49E2-87FF-30BDA7174AF9}.Debug|Any CPU.Build.0 = Debug|Any CPU
		{14949CC7-F3D4-49E2-87FF-30BDA7174AF9}.Release|Any CPU.ActiveCfg = Release|Any CPU
		{14949CC7-F3D4-49E2-87FF-30BDA7174AF9}.Release|Any CPU.Build.0 = Release|Any CPU
		{6391CBEC-5582-4AB4-9920-C8EB8380C0FF}.Debug|Any CPU.ActiveCfg = Debug|Any CPU
		{6391CBEC-5582-4AB4-9920-C8EB8380C0FF}.Debug|Any CPU.Build.0 = Debug|Any CPU
		{6391CBEC-5582-4AB4-9920-C8EB8380C0FF}.Release|Any CPU.ActiveCfg = Release|Any CPU
		{6391CBEC-5582-4AB4-9920-C8EB8380C0FF}.Release|Any CPU.Build.0 = Release|Any CPU
		{970ED296-BD4B-4B7F-9E74-0FA9E56AEF5D}.Debug|Any CPU.ActiveCfg = Debug|Any CPU
		{970ED296-BD4B-4B7F-9E74-0FA9E56AEF5D}.Debug|Any CPU.Build.0 = Debug|Any CPU
		{970ED296-BD4B-4B7F-9E74-0FA9E56AEF5D}.Release|Any CPU.ActiveCfg = Release|Any CPU
		{970ED296-BD4B-4B7F-9E74-0FA9E56AEF5D}.Release|Any CPU.Build.0 = Release|Any CPU
		{43C266E7-0FDF-415D-8755-B35C1E14C89B}.Debug|Any CPU.ActiveCfg = Debug|Any CPU
		{43C266E7-0FDF-415D-8755-B35C1E14C89B}.Debug|Any CPU.Build.0 = Debug|Any CPU
		{43C266E7-0FDF-415D-8755-B35C1E14C89B}.Release|Any CPU.ActiveCfg = Release|Any CPU
		{43C266E7-0FDF-415D-8755-B35C1E14C89B}.Release|Any CPU.Build.0 = Release|Any CPU
		{D1EEB898-815E-4B71-9072-301843F0217F}.Debug|Any CPU.ActiveCfg = Debug|Any CPU
		{D1EEB898-815E-4B71-9072-301843F0217F}.Debug|Any CPU.Build.0 = Debug|Any CPU
		{D1EEB898-815E-4B71-9072-301843F0217F}.Release|Any CPU.ActiveCfg = Release|Any CPU
		{D1EEB898-815E-4B71-9072-301843F0217F}.Release|Any CPU.Build.0 = Release|Any CPU
		{FEC87172-9BD0-40D8-AD7E-0B0B1D633199}.Debug|Any CPU.ActiveCfg = Debug|Any CPU
		{FEC87172-9BD0-40D8-AD7E-0B0B1D633199}.Debug|Any CPU.Build.0 = Debug|Any CPU
		{FEC87172-9BD0-40D8-AD7E-0B0B1D633199}.Release|Any CPU.ActiveCfg = Release|Any CPU
		{FEC87172-9BD0-40D8-AD7E-0B0B1D633199}.Release|Any CPU.Build.0 = Release|Any CPU
		{37BE2162-0DD3-4503-966F-87BE94001A3F}.Debug|Any CPU.ActiveCfg = Debug|Any CPU
		{37BE2162-0DD3-4503-966F-87BE94001A3F}.Debug|Any CPU.Build.0 = Debug|Any CPU
		{37BE2162-0DD3-4503-966F-87BE94001A3F}.Release|Any CPU.ActiveCfg = Release|Any CPU
		{37BE2162-0DD3-4503-966F-87BE94001A3F}.Release|Any CPU.Build.0 = Release|Any CPU
		{562E1308-6430-4883-A469-DE9FFF54E235}.Debug|Any CPU.ActiveCfg = Debug|Any CPU
		{562E1308-6430-4883-A469-DE9FFF54E235}.Debug|Any CPU.Build.0 = Debug|Any CPU
		{562E1308-6430-4883-A469-DE9FFF54E235}.Release|Any CPU.ActiveCfg = Release|Any CPU
		{562E1308-6430-4883-A469-DE9FFF54E235}.Release|Any CPU.Build.0 = Release|Any CPU
	EndGlobalSection
	GlobalSection(SolutionProperties) = preSolution
		HideSolutionNode = FALSE
	EndGlobalSection
	GlobalSection(NestedProjects) = preSolution
		{3FDBE104-29F4-4EEC-9B20-83AE3D2BD58D} = {38CD4D84-6625-4A7F-93C9-307A5AB39BBC}
		{14949CC7-F3D4-49E2-87FF-30BDA7174AF9} = {FC85B8A5-70B4-4C0A-8AF5-A635D5A9D13B}
		{6391CBEC-5582-4AB4-9920-C8EB8380C0FF} = {FC85B8A5-70B4-4C0A-8AF5-A635D5A9D13B}
		{970ED296-BD4B-4B7F-9E74-0FA9E56AEF5D} = {DC287278-0DE2-4C5C-B468-9FF5B7847B50}
		{43C266E7-0FDF-415D-8755-B35C1E14C89B} = {2BE9A14A-8F6B-41C3-8EBB-4CD93411573E}
		{D1EEB898-815E-4B71-9072-301843F0217F} = {AEFD9FC9-7DF7-437B-8BF3-DE322538E4DD}
		{FEC87172-9BD0-40D8-AD7E-0B0B1D633199} = {AEFD9FC9-7DF7-437B-8BF3-DE322538E4DD}
		{37BE2162-0DD3-4503-966F-87BE94001A3F} = {A612AD89-0072-4A97-B83D-03BD51D3042E}
		{562E1308-6430-4883-A469-DE9FFF54E235} = {2BE9A14A-8F6B-41C3-8EBB-4CD93411573E}
	EndGlobalSection
	GlobalSection(ExtensibilityGlobals) = postSolution
		SolutionGuid = {E286A8D4-9AB8-4A6B-900B-8279CBA372FE}
	EndGlobalSection
EndGlobal
